
Microsoft Visual Studio Solution File, Format Version 12.00
# Visual Studio Version 16
VisualStudioVersion = 16.0.32106.194
MinimumVisualStudioVersion = 10.0.40219.1
Project("{FAE04EC0-301F-11D3-BF4B-00C04F79EFBC}") = "FaultHandlingApp", "FaultHandlingApp\FaultHandlingApp.csproj", "{9BA21ED0-7EEA-43B5-9334-C4C98945B29A}"
EndProject
Global
	GlobalSection(SolutionConfigurationPlatforms) = preSolution
		Debug|Any CPU = Debug|Any CPU
		Release|Any CPU = Release|Any CPU
	EndGlobalSection
	GlobalSection(ProjectConfigurationPlatforms) = postSolution
		{9BA21ED0-7EEA-43B5-9334-C4C98945B29A}.Debug|Any CPU.ActiveCfg = Debug|Any CPU
		{9BA21ED0-7EEA-43B5-9334-C4C98945B29A}.Debug|Any CPU.Build.0 = Debug|Any CPU
		{9BA21ED0-7EEA-43B5-9334-C4C98945B29A}.Release|Any CPU.ActiveCfg = Release|Any CPU
		{9BA21ED0-7EEA-43B5-9334-C4C98945B29A}.Release|Any CPU.Build.0 = Release|Any CPU
	EndGlobalSection
	GlobalSection(SolutionProperties) = preSolution
		HideSolutionNode = FALSE
	EndGlobalSection
	GlobalSection(ExtensibilityGlobals) = postSolution
		EnterpriseLibraryConfigurationToolBinariesPath = packages\TransientFaultHandling.Core.5.1.1209.1\lib\NET4
		SolutionGuid = {72BD61C7-D4CB-4E5F-8F3A-6336CD1214E1}
	EndGlobalSection
EndGlobal
